
Microsoft Visual Studio Solution File, Format Version 12.00
# Visual Studio 14
VisualStudioVersion = 14.0.25420.1
MinimumVisualStudioVersion = 10.0.40219.1
Project("{FAE04EC0-301F-11D3-BF4B-00C04F79EFBC}") = "EmployeeService", "WebAPIDemo\EmployeeService.csproj", "{71799BEF-BF99-4967-8DA2-0D2DC3988C6C}"
EndProject
Project("{FAE04EC0-301F-11D3-BF4B-00C04F79EFBC}") = "EmployeeDataAccess", "EmployeeDataAccess\EmployeeDataAccess.csproj", "{DABF2E8E-5762-42CC-BEDB-7D87B9C895CF}"
EndProject
Global
	GlobalSection(SolutionConfigurationPlatforms) = preSolution
		Debug|Any CPU = Debug|Any CPU
		Release|Any CPU = Release|Any CPU
	EndGlobalSection
	GlobalSection(ProjectConfigurationPlatforms) = postSolution
		{71799BEF-BF99-4967-8DA2-0D2DC3988C6C}.Debug|Any CPU.ActiveCfg = Debug|Any CPU
		{71799BEF-BF99-4967-8DA2-0D2DC3988C6C}.Debug|Any CPU.Build.0 = Debug|Any CPU
		{71799BEF-BF99-4967-8DA2-0D2DC3988C6C}.Release|Any CPU.ActiveCfg = Release|Any CPU
		{71799BEF-BF99-4967-8DA2-0D2DC3988C6C}.Release|Any CPU.Build.0 = Release|Any CPU
		{DABF2E8E-5762-42CC-BEDB-7D87B9C895CF}.Debug|Any CPU.ActiveCfg = Debug|Any CPU
		{DABF2E8E-5762-42CC-BEDB-7D87B9C895CF}.Debug|Any CPU.Build.0 = Debug|Any CPU
		{DABF2E8E-5762-42CC-BEDB-7D87B9C895CF}.Release|Any CPU.ActiveCfg = Release|Any CPU
		{DABF2E8E-5762-42CC-BEDB-7D87B9C895CF}.Release|Any CPU.Build.0 = Release|Any CPU
	EndGlobalSection
	GlobalSection(SolutionProperties) = preSolution
		HideSolutionNode = FALSE
	EndGlobalSection
EndGlobal
